
Microsoft Visual Studio Solution File, Format Version 12.00
# Visual Studio Version 16
VisualStudioVersion = 16.0.31019.35
MinimumVisualStudioVersion = 10.0.40219.1
Project("{9A19103F-16F7-4668-BE54-9A1E7A4F7556}") = "API", "API\API.csproj", "{0B3FCA35-3572-4767-8035-E4D48241204F}"
EndProject
Project("{9A19103F-16F7-4668-BE54-9A1E7A4F7556}") = "Domain", "Domain\Domain.csproj", "{87694230-E52A-4201-8268-A3B19B11AAD9}"
EndProject
Project("{9A19103F-16F7-4668-BE54-9A1E7A4F7556}") = "Application", "Application\Application.csproj", "{466BF51F-AB8F-49D8-828D-5BAA28133519}"
EndProject
Project("{9A19103F-16F7-4668-BE54-9A1E7A4F7556}") = "Infrastructure", "Infrastructure\Infrastructure.csproj", "{122A9C0B-DB13-4340-AF47-730F57D85A7F}"
EndProject
Project("{FAE04EC0-301F-11D3-BF4B-00C04F79EFBC}") = "Tests", "Tests\Tests.csproj", "{B4EB3AEE-FB8B-469D-A032-E32DA5DF232E}"
EndProject
Global
	GlobalSection(SolutionConfigurationPlatforms) = preSolution
		Debug|Any CPU = Debug|Any CPU
		Release|Any CPU = Release|Any CPU
	EndGlobalSection
	GlobalSection(ProjectConfigurationPlatforms) = postSolution
		{0B3FCA35-3572-4767-8035-E4D48241204F}.Debug|Any CPU.ActiveCfg = Debug|Any CPU
		{0B3FCA35-3572-4767-8035-E4D48241204F}.Debug|Any CPU.Build.0 = Debug|Any CPU
		{0B3FCA35-3572-4767-8035-E4D48241204F}.Release|Any CPU.ActiveCfg = Release|Any CPU
		{0B3FCA35-3572-4767-8035-E4D48241204F}.Release|Any CPU.Build.0 = Release|Any CPU
		{87694230-E52A-4201-8268-A3B19B11AAD9}.Debug|Any CPU.ActiveCfg = Debug|Any CPU
		{87694230-E52A-4201-8268-A3B19B11AAD9}.Debug|Any CPU.Build.0 = Debug|Any CPU
		{87694230-E52A-4201-8268-A3B19B11AAD9}.Release|Any CPU.ActiveCfg = Release|Any CPU
		{87694230-E52A-4201-8268-A3B19B11AAD9}.Release|Any CPU.Build.0 = Release|Any CPU
		{466BF51F-AB8F-49D8-828D-5BAA28133519}.Debug|Any CPU.ActiveCfg = Debug|Any CPU
		{466BF51F-AB8F-49D8-828D-5BAA28133519}.Debug|Any CPU.Build.0 = Debug|Any CPU
		{466BF51F-AB8F-49D8-828D-5BAA28133519}.Release|Any CPU.ActiveCfg = Release|Any CPU
		{466BF51F-AB8F-49D8-828D-5BAA28133519}.Release|Any CPU.Build.0 = Release|Any CPU
		{122A9C0B-DB13-4340-AF47-730F57D85A7F}.Debug|Any CPU.ActiveCfg = Debug|Any CPU
		{122A9C0B-DB13-4340-AF47-730F57D85A7F}.Debug|Any CPU.Build.0 = Debug|Any CPU
		{122A9C0B-DB13-4340-AF47-730F57D85A7F}.Release|Any CPU.ActiveCfg = Release|Any CPU
		{122A9C0B-DB13-4340-AF47-730F57D85A7F}.Release|Any CPU.Build.0 = Release|Any CPU
		{B4EB3AEE-FB8B-469D-A032-E32DA5DF232E}.Debug|Any CPU.ActiveCfg = Debug|Any CPU
		{B4EB3AEE-FB8B-469D-A032-E32DA5DF232E}.Debug|Any CPU.Build.0 = Debug|Any CPU
		{B4EB3AEE-FB8B-469D-A032-E32DA5DF232E}.Release|Any CPU.ActiveCfg = Release|Any CPU
		{B4EB3AEE-FB8B-469D-A032-E32DA5DF232E}.Release|Any CPU.Build.0 = Release|Any CPU
	EndGlobalSection
	GlobalSection(SolutionProperties) = preSolution
		HideSolutionNode = FALSE
	EndGlobalSection
	GlobalSection(ExtensibilityGlobals) = postSolution
		SolutionGuid = {464E3ED3-2129-4491-BE35-A7825022DF25}
	EndGlobalSection
EndGlobal
